// !$*UTF8*$!
{
	archiveVersion = 1;
	classes = {
	};
	objectVersion = 46;
	objects = {

/* Begin PBXBuildFile section */
		BC8208281CF58EDE006ED913 /* AppDelegate.swift in Sources */ = {isa = PBXBuildFile; fileRef = BC8208271CF58EDE006ED913 /* AppDelegate.swift */; };
		BC82082A1CF58EDE006ED913 /* ViewController.swift in Sources */ = {isa = PBXBuildFile; fileRef = BC8208291CF58EDE006ED913 /* ViewController.swift */; };
		BC82082D1CF58EDE006ED913 /* Main.storyboard in Resources */ = {isa = PBXBuildFile; fileRef = BC82082B1CF58EDE006ED913 /* Main.storyboard */; };
		BC82082F1CF58EDE006ED913 /* Assets.xcassets in Resources */ = {isa = PBXBuildFile; fileRef = BC82082E1CF58EDE006ED913 /* Assets.xcassets */; };
		BC8208321CF58EDE006ED913 /* LaunchScreen.storyboard in Resources */ = {isa = PBXBuildFile; fileRef = BC8208301CF58EDE006ED913 /* LaunchScreen.storyboard */; };
		BC82083D1CF58EDE006ED913 /* SHSwiftExtensionTests.swift in Sources */ = {isa = PBXBuildFile; fileRef = BC82083C1CF58EDE006ED913 /* SHSwiftExtensionTests.swift */; };
		BC947A9B1CF70D25007B285D /* SHStringExtension.swift in Sources */ = {isa = PBXBuildFile; fileRef = BC947A971CF70D25007B285D /* SHStringExtension.swift */; };
		BC947A9C1CF70D25007B285D /* SHUIViewExtension.swift in Sources */ = {isa = PBXBuildFile; fileRef = BC947A991CF70D25007B285D /* SHUIViewExtension.swift */; };
		BC947A9D1CF70D25007B285D /* SHUIWindowExternsion.swift in Sources */ = {isa = PBXBuildFile; fileRef = BC947A9A1CF70D25007B285D /* SHUIWindowExternsion.swift */; };
/* End PBXBuildFile section */

/* Begin PBXContainerItemProxy section */
		BC8208391CF58EDE006ED913 /* PBXContainerItemProxy */ = {
			isa = PBXContainerItemProxy;
			containerPortal = BC82081C1CF58EDE006ED913 /* Project object */;
			proxyType = 1;
			remoteGlobalIDString = BC8208231CF58EDE006ED913;
			remoteInfo = SHSwiftExtension;
		};
/* End PBXContainerItemProxy section */

/* Begin PBXFileReference section */
		BC8208241CF58EDE006ED913 /* SHSwiftExtension.app */ = {isa = PBXFileReference; explicitFileType = wrapper.application; includeInIndex = 0; path = SHSwiftExtension.app; sourceTree = BUILT_PRODUCTS_DIR; };
		BC8208271CF58EDE006ED913 /* AppDelegate.swift */ = {isa = PBXFileReference; lastKnownFileType = sourcecode.swift; path = AppDelegate.swift; sourceTree = "<group>"; };
		BC8208291CF58EDE006ED913 /* ViewController.swift */ = {isa = PBXFileReference; lastKnownFileType = sourcecode.swift; path = ViewController.swift; sourceTree = "<group>"; };
		BC82082C1CF58EDE006ED913 /* Base */ = {isa = PBXFileReference; lastKnownFileType = file.storyboard; name = Base; path = Base.lproj/Main.storyboard; sourceTree = "<group>"; };
		BC82082E1CF58EDE006ED913 /* Assets.xcassets */ = {isa = PBXFileReference; lastKnownFileType = folder.assetcatalog; path = Assets.xcassets; sourceTree = "<group>"; };
		BC8208311CF58EDE006ED913 /* Base */ = {isa = PBXFileReference; lastKnownFileType = file.storyboard; name = Base; path = Base.lproj/LaunchScreen.storyboard; sourceTree = "<group>"; };
		BC8208331CF58EDE006ED913 /* Info.plist */ = {isa = PBXFileReference; lastKnownFileType = text.plist.xml; path = Info.plist; sourceTree = "<group>"; };
		BC8208381CF58EDE006ED913 /* SHSwiftExtensionTests.xctest */ = {isa = PBXFileReference; explicitFileType = wrapper.cfbundle; includeInIndex = 0; path = SHSwiftExtensionTests.xctest; sourceTree = BUILT_PRODUCTS_DIR; };
		BC82083C1CF58EDE006ED913 /* SHSwiftExtensionTests.swift */ = {isa = PBXFileReference; lastKnownFileType = sourcecode.swift; path = SHSwiftExtensionTests.swift; sourceTree = "<group>"; };
		BC82083E1CF58EDE006ED913 /* Info.plist */ = {isa = PBXFileReference; lastKnownFileType = text.plist.xml; path = Info.plist; sourceTree = "<group>"; };
		BC947A971CF70D25007B285D /* SHStringExtension.swift */ = {isa = PBXFileReference; fileEncoding = 4; lastKnownFileType = sourcecode.swift; path = SHStringExtension.swift; sourceTree = "<group>"; };
		BC947A991CF70D25007B285D /* SHUIViewExtension.swift */ = {isa = PBXFileReference; fileEncoding = 4; lastKnownFileType = sourcecode.swift; path = SHUIViewExtension.swift; sourceTree = "<group>"; };
		BC947A9A1CF70D25007B285D /* SHUIWindowExternsion.swift */ = {isa = PBXFileReference; fileEncoding = 4; lastKnownFileType = sourcecode.swift; path = SHUIWindowExternsion.swift; sourceTree = "<group>"; };
/* End PBXFileReference section */

/* Begin PBXFrameworksBuildPhase section */
		BC8208211CF58EDE006ED913 /* Frameworks */ = {
			isa = PBXFrameworksBuildPhase;
			buildActionMask = 2147483647;
			files = (
			);
			runOnlyForDeploymentPostprocessing = 0;
		};
		BC8208351CF58EDE006ED913 /* Frameworks */ = {
			isa = PBXFrameworksBuildPhase;
			buildActionMask = 2147483647;
			files = (
			);
			runOnlyForDeploymentPostprocessing = 0;
		};
/* End PBXFrameworksBuildPhase section */

/* Begin PBXGroup section */
		BC82081B1CF58EDE006ED913 = {
			isa = PBXGroup;
			children = (
				BC8208261CF58EDE006ED913 /* SHSwiftExtension */,
				BC82083B1CF58EDE006ED913 /* SHSwiftExtensionTests */,
				BC8208251CF58EDE006ED913 /* Products */,
			);
			sourceTree = "<group>";
		};
		BC8208251CF58EDE006ED913 /* Products */ = {
			isa = PBXGroup;
			children = (
				BC8208241CF58EDE006ED913 /* SHSwiftExtension.app */,
				BC8208381CF58EDE006ED913 /* SHSwiftExtensionTests.xctest */,
			);
			name = Products;
			sourceTree = "<group>";
		};
		BC8208261CF58EDE006ED913 /* SHSwiftExtension */ = {
			isa = PBXGroup;
			children = (
				BC947A951CF70D25007B285D /* Extension */,
				BC8208271CF58EDE006ED913 /* AppDelegate.swift */,
				BC8208291CF58EDE006ED913 /* ViewController.swift */,
				BC82082B1CF58EDE006ED913 /* Main.storyboard */,
				BC82082E1CF58EDE006ED913 /* Assets.xcassets */,
				BC8208301CF58EDE006ED913 /* LaunchScreen.storyboard */,
				BC8208331CF58EDE006ED913 /* Info.plist */,
			);
			path = SHSwiftExtension;
			sourceTree = "<group>";
		};
		BC82083B1CF58EDE006ED913 /* SHSwiftExtensionTests */ = {
			isa = PBXGroup;
			children = (
				BC82083C1CF58EDE006ED913 /* SHSwiftExtensionTests.swift */,
				BC82083E1CF58EDE006ED913 /* Info.plist */,
			);
			path = SHSwiftExtensionTests;
			sourceTree = "<group>";
		};
		BC947A951CF70D25007B285D /* Extension */ = {
			isa = PBXGroup;
			children = (
				BC947A961CF70D25007B285D /* Foundation */,
				BC947A981CF70D25007B285D /* UIKit */,
			);
			name = Extension;
			path = ../../Extension;
			sourceTree = "<group>";
		};
		BC947A961CF70D25007B285D /* Foundation */ = {
			isa = PBXGroup;
			children = (
				BC947A971CF70D25007B285D /* SHStringExtension.swift */,
			);
			path = Foundation;
			sourceTree = "<group>";
		};
		BC947A981CF70D25007B285D /* UIKit */ = {
			isa = PBXGroup;
			children = (
				BC947A991CF70D25007B285D /* SHUIViewExtension.swift */,
				BC947A9A1CF70D25007B285D /* SHUIWindowExternsion.swift */,
			);
			path = UIKit;
			sourceTree = "<group>";
		};
/* End PBXGroup section */

/* Begin PBXNativeTarget section */
		BC8208231CF58EDE006ED913 /* SHSwiftExtension */ = {
			isa = PBXNativeTarget;
			buildConfigurationList = BC8208411CF58EDE006ED913 /* Build configuration list for PBXNativeTarget "SHSwiftExtension" */;
			buildPhases = (
				BC8208201CF58EDE006ED913 /* Sources */,
				BC8208211CF58EDE006ED913 /* Frameworks */,
				BC8208221CF58EDE006ED913 /* Resources */,
			);
			buildRules = (
			);
			dependencies = (
			);
			name = SHSwiftExtension;
			productName = SHSwiftExtension;
			productReference = BC8208241CF58EDE006ED913 /* SHSwiftExtension.app */;
			productType = "com.apple.product-type.application";
		};
		BC8208371CF58EDE006ED913 /* SHSwiftExtensionTests */ = {
			isa = PBXNativeTarget;
			buildConfigurationList = BC8208441CF58EDE006ED913 /* Build configuration list for PBXNativeTarget "SHSwiftExtensionTests" */;
			buildPhases = (
				BC8208341CF58EDE006ED913 /* Sources */,
				BC8208351CF58EDE006ED913 /* Frameworks */,
				BC8208361CF58EDE006ED913 /* Resources */,
			);
			buildRules = (
			);
			dependencies = (
				BC82083A1CF58EDE006ED913 /* PBXTargetDependency */,
			);
			name = SHSwiftExtensionTests;
			productName = SHSwiftExtensionTests;
			productReference = BC8208381CF58EDE006ED913 /* SHSwiftExtensionTests.xctest */;
			productType = "com.apple.product-type.bundle.unit-test";
		};
/* End PBXNativeTarget section */

/* Begin PBXProject section */
		BC82081C1CF58EDE006ED913 /* Project object */ = {
			isa = PBXProject;
			attributes = {
				LastSwiftUpdateCheck = 0730;
				LastUpgradeCheck = 0730;
				ORGANIZATIONNAME = Haifei.Wang;
				TargetAttributes = {
					BC8208231CF58EDE006ED913 = {
						CreatedOnToolsVersion = 7.3.1;
					};
					BC8208371CF58EDE006ED913 = {
						CreatedOnToolsVersion = 7.3.1;
						TestTargetID = BC8208231CF58EDE006ED913;
					};
				};
			};
			buildConfigurationList = BC82081F1CF58EDE006ED913 /* Build configuration list for PBXProject "SHSwiftExtension" */;
			compatibilityVersion = "Xcode 3.2";
			developmentRegion = English;
			hasScannedForEncodings = 0;
			knownRegions = (
				en,
				Base,
			);
			mainGroup = BC82081B1CF58EDE006ED913;
			productRefGroup = BC8208251CF58EDE006ED913 /* Products */;
			projectDirPath = "";
			projectRoot = "";
			targets = (
				BC8208231CF58EDE006ED913 /* SHSwiftExtension */,
				BC8208371CF58EDE006ED913 /* SHSwiftExtensionTests */,
			);
		};
/* End PBXProject section */

/* Begin PBXResourcesBuildPhase section */
		BC8208221CF58EDE006ED913 /* Resources */ = {
			isa = PBXResourcesBuildPhase;
			buildActionMask = 2147483647;
			files = (
				BC8208321CF58EDE006ED913 /* LaunchScreen.storyboard in Resources */,
				BC82082F1CF58EDE006ED913 /* Assets.xcassets in Resources */,
				BC82082D1CF58EDE006ED913 /* Main.storyboard in Resources */,
			);
			runOnlyForDeploymentPostprocessing = 0;
		};
		BC8208361CF58EDE006ED913 /* Resources */ = {
			isa = PBXResourcesBuildPhase;
			buildActionMask = 2147483647;
			files = (
			);
			runOnlyForDeploymentPostprocessing = 0;
		};
/* End PBXResourcesBuildPhase section */

/* Begin PBXSourcesBuildPhase section */
		BC8208201CF58EDE006ED913 /* Sources */ = {
			isa = PBXSourcesBuildPhase;
			buildActionMask = 2147483647;
			files = (
				BC947A9B1CF70D25007B285D /* SHStringExtension.swift in Sources */,
				BC82082A1CF58EDE006ED913 /* ViewController.swift in Sources */,
				BC947A9D1CF70D25007B285D /* SHUIWindowExternsion.swift in Sources */,
				BC947A9C1CF70D25007B285D /* SHUIViewExtension.swift in Sources */,
				BC8208281CF58EDE006ED913 /* AppDelegate.swift in Sources */,
			);
			runOnlyForDeploymentPostprocessing = 0;
		};
		BC8208341CF58EDE006ED913 /* Sources */ = {
			isa = PBXSourcesBuildPhase;
			buildActionMask = 2147483647;
			files = (
				BC82083D1CF58EDE006ED913 /* SHSwiftExtensionTests.swift in Sources */,
			);
			runOnlyForDeploymentPostprocessing = 0;
		};
/* End PBXSourcesBuildPhase section */

/* Begin PBXTargetDependency section */
		BC82083A1CF58EDE006ED913 /* PBXTargetDependency */ = {
			isa = PBXTargetDependency;
			target = BC8208231CF58EDE006ED913 /* SHSwiftExtension */;
			targetProxy = BC8208391CF58EDE006ED913 /* PBXContainerItemProxy */;
		};
/* End PBXTargetDependency section */

/* Begin PBXVariantGroup section */
		BC82082B1CF58EDE006ED913 /* Main.storyboard */ = {
			isa = PBXVariantGroup;
			children = (
				BC82082C1CF58EDE006ED913 /* Base */,
			);
			name = Main.storyboard;
			sourceTree = "<group>";
		};
		BC8208301CF58EDE006ED913 /* LaunchScreen.storyboard */ = {
			isa = PBXVariantGroup;
			children = (
				BC8208311CF58EDE006ED913 /* Base */,
			);
			name = LaunchScreen.storyboard;
			sourceTree = "<group>";
		};
/* End PBXVariantGroup section */

/* Begin XCBuildConfiguration section */
		BC82083F1CF58EDE006ED913 /* Debug */ = {
			isa = XCBuildConfiguration;
			buildSettings = {
				ALWAYS_SEARCH_USER_PATHS = NO;
				CLANG_ANALYZER_NONNULL = YES;
				CLANG_CXX_LANGUAGE_STANDARD = "gnu++0x";
				CLANG_CXX_LIBRARY = "libc++";
				CLANG_ENABLE_MODULES = YES;
				CLANG_ENABLE_OBJC_ARC = YES;
				CLANG_WARN_BOOL_CONVERSION = YES;
				CLANG_WARN_CONSTANT_CONVERSION = YES;
				CLANG_WARN_DIRECT_OBJC_ISA_USAGE = YES_ERROR;
				CLANG_WARN_EMPTY_BODY = YES;
				CLANG_WARN_ENUM_CONVERSION = YES;
				CLANG_WARN_INT_CONVERSION = YES;
				CLANG_WARN_OBJC_ROOT_CLASS = YES_ERROR;
				CLANG_WARN_UNREACHABLE_CODE = YES;
				CLANG_WARN__DUPLICATE_METHOD_MATCH = YES;
				"CODE_SIGN_IDENTITY[sdk=iphoneos*]" = "iPhone Developer";
				COPY_PHASE_STRIP = NO;
				DEBUG_INFORMATION_FORMAT = dwarf;
				ENABLE_STRICT_OBJC_MSGSEND = YES;
				ENABLE_TESTABILITY = YES;
				GCC_C_LANGUAGE_STANDARD = gnu99;
				GCC_DYNAMIC_NO_PIC = NO;
				GCC_NO_COMMON_BLOCKS = YES;
				GCC_OPTIMIZATION_LEVEL = 0;
				GCC_PREPROCESSOR_DEFINITIONS = (
					"DEBUG=1",
					"$(inherited)",
				);
				GCC_WARN_64_TO_32_BIT_CONVERSION = YES;
				GCC_WARN_ABOUT_RETURN_TYPE = YES_ERROR;
				GCC_WARN_UNDECLARED_SELECTOR = YES;
				GCC_WARN_UNINITIALIZED_AUTOS = YES_AGGRESSIVE;
				GCC_WARN_UNUSED_FUNCTION = YES;
				GCC_WARN_UNUSED_VARIABLE = YES;
				IPHONEOS_DEPLOYMENT_TARGET = 9.3;
				MTL_ENABLE_DEBUG_INFO = YES;
				ONLY_ACTIVE_ARCH = YES;
				SDKROOT = iphoneos;
				SWIFT_OPTIMIZATION_LEVEL = "-Onone";
				TARGETED_DEVICE_FAMILY = "1,2";
			};
			name = Debug;
		};
		BC8208401CF58EDE006ED913 /* Release */ = {
			isa = XCBuildConfiguration;
			buildSettings = {
				ALWAYS_SEARCH_USER_PATHS = NO;
				CLANG_ANALYZER_NONNULL = YES;
				CLANG_CXX_LANGUAGE_STANDARD = "gnu++0x";
				CLANG_CXX_LIBRARY = "libc++";
				CLANG_ENABLE_MODULES = YES;
				CLANG_ENABLE_OBJC_ARC = YES;
				CLANG_WARN_BOOL_CONVERSION = YES;
				CLANG_WARN_CONSTANT_CONVERSION = YES;
				CLANG_WARN_DIRECT_OBJC_ISA_USAGE = YES_ERROR;
				CLANG_WARN_EMPTY_BODY = YES;
				CLANG_WARN_ENUM_CONVERSION = YES;
				CLANG_WARN_INT_CONVERSION = YES;
				CLANG_WARN_OBJC_ROOT_CLASS = YES_ERROR;
				CLANG_WARN_UNREACHABLE_CODE = YES;
				CLANG_WARN__DUPLICATE_METHOD_MATCH = YES;
				"CODE_SIGN_IDENTITY[sdk=iphoneos*]" = "iPhone Developer";
				COPY_PHASE_STRIP = NO;
				DEBUG_INFORMATION_FORMAT = "dwarf-with-dsym";
				ENABLE_NS_ASSERTIONS = NO;
				ENABLE_STRICT_OBJC_MSGSEND = YES;
				GCC_C_LANGUAGE_STANDARD = gnu99;
				GCC_NO_COMMON_BLOCKS = YES;
				GCC_WARN_64_TO_32_BIT_CONVERSION = YES;
				GCC_WARN_ABOUT_RETURN_TYPE = YES_ERROR;
				GCC_WARN_UNDECLARED_SELECTOR = YES;
				GCC_WARN_UNINITIALIZED_AUTOS = YES_AGGRESSIVE;
				GCC_WARN_UNUSED_FUNCTION = YES;
				GCC_WARN_UNUSED_VARIABLE = YES;
				IPHONEOS_DEPLOYMENT_TARGET = 9.3;
				MTL_ENABLE_DEBUG_INFO = NO;
				SDKROOT = iphoneos;
				TARGETED_DEVICE_FAMILY = "1,2";
				VALIDATE_PRODUCT = YES;
			};
			name = Release;
		};
		BC8208421CF58EDE006ED913 /* Debug */ = {
			isa = XCBuildConfiguration;
			buildSettings = {
				ASSETCATALOG_COMPILER_APPICON_NAME = AppIcon;
				INFOPLIST_FILE = SHSwiftExtension/Info.plist;
				LD_RUNPATH_SEARCH_PATHS = "$(inherited) @executable_path/Frameworks";
				PRODUCT_BUNDLE_IDENTIFIER = com.sumshare.SHSwiftExtension;
				PRODUCT_NAME = "$(TARGET_NAME)";
			};
			name = Debug;
		};
		BC8208431CF58EDE006ED913 /* Release */ = {
			isa = XCBuildConfiguration;
			buildSettings = {
				ASSETCATALOG_COMPILER_APPICON_NAME = AppIcon;
				INFOPLIST_FILE = SHSwiftExtension/Info.plist;
				LD_RUNPATH_SEARCH_PATHS = "$(inherited) @executable_path/Frameworks";
				PRODUCT_BUNDLE_IDENTIFIER = com.sumshare.SHSwiftExtension;
				PRODUCT_NAME = "$(TARGET_NAME)";
			};
			name = Release;
		};
		BC8208451CF58EDE006ED913 /* Debug */ = {
			isa = XCBuildConfiguration;
			buildSettings = {
				BUNDLE_LOADER = "$(TEST_HOST)";
				INFOPLIST_FILE = SHSwiftExtensionTests/Info.plist;
				LD_RUNPATH_SEARCH_PATHS = "$(inherited) @executable_path/Frameworks @loader_path/Frameworks";
				PRODUCT_BUNDLE_IDENTIFIER = com.sumshare.SHSwiftExtensionTests;
				PRODUCT_NAME = "$(TARGET_NAME)";
				TEST_HOST = "$(BUILT_PRODUCTS_DIR)/SHSwiftExtension.app/SHSwiftExtension";
			};
			name = Debug;
		};
		BC8208461CF58EDE006ED913 /* Release */ = {
			isa = XCBuildConfiguration;
			buildSettings = {
				BUNDLE_LOADER = "$(TEST_HOST)";
				INFOPLIST_FILE = SHSwiftExtensionTests/Info.plist;
				LD_RUNPATH_SEARCH_PATHS = "$(inherited) @executable_path/Frameworks @loader_path/Frameworks";
				PRODUCT_BUNDLE_IDENTIFIER = com.sumshare.SHSwiftExtensionTests;
				PRODUCT_NAME = "$(TARGET_NAME)";
				TEST_HOST = "$(BUILT_PRODUCTS_DIR)/SHSwiftExtension.app/SHSwiftExtension";
			};
			name = Release;
		};
/* End XCBuildConfiguration section */

/* Begin XCConfigurationList section */
		BC82081F1CF58EDE006ED913 /* Build configuration list for PBXProject "SHSwiftExtension" */ = {
			isa = XCConfigurationList;
			buildConfigurations = (
				BC82083F1CF58EDE006ED913 /* Debug */,
				BC8208401CF58EDE006ED913 /* Release */,
			);
			defaultConfigurationIsVisible = 0;
			defaultConfigurationName = Release;
		};
		BC8208411CF58EDE006ED913 /* Build configuration list for PBXNativeTarget "SHSwiftExtension" */ = {
			isa = XCConfigurationList;
			buildConfigurations = (
				BC8208421CF58EDE006ED913 /* Debug */,
				BC8208431CF58EDE006ED913 /* Release */,
			);
			defaultConfigurationIsVisible = 0;
			defaultConfigurationName = Release;
		};
		BC8208441CF58EDE006ED913 /* Build configuration list for PBXNativeTarget "SHSwiftExtensionTests" */ = {
			isa = XCConfigurationList;
			buildConfigurations = (
				BC8208451CF58EDE006ED913 /* Debug */,
				BC8208461CF58EDE006ED913 /* Release */,
			);
			defaultConfigurationIsVisible = 0;
			defaultConfigurationName = Release;
		};
/* End XCConfigurationList section */
	};
	rootObject = BC82081C1CF58EDE006ED913 /* Project object */;
}
